
Microsoft Visual Studio Solution File, Format Version 12.00
# Visual Studio Version 17
VisualStudioVersion = 17.2.32516.85
MinimumVisualStudioVersion = 10.0.40219.1
Project("{FAE04EC0-301F-11D3-BF4B-00C04F79EFBC}") = "AbstractClasses", "AbstractClasses\AbstractClasses.csproj", "{BB240CED-CA7C-4ED7-9057-D906C1D27745}"
EndProject
Global
	GlobalSection(SolutionConfigurationPlatforms) = preSolution
		Debug|Any CPU = Debug|Any CPU
		Release|Any CPU = Release|Any CPU
	EndGlobalSection
	GlobalSection(ProjectConfigurationPlatforms) = postSolution
		{BB240CED-CA7C-4ED7-9057-D906C1D27745}.Debug|Any CPU.ActiveCfg = Debug|Any CPU
		{BB240CED-CA7C-4ED7-9057-D906C1D27745}.Debug|Any CPU.Build.0 = Debug|Any CPU
		{BB240CED-CA7C-4ED7-9057-D906C1D27745}.Release|Any CPU.ActiveCfg = Release|Any CPU
		{BB240CED-CA7C-4ED7-9057-D906C1D27745}.Release|Any CPU.Build.0 = Release|Any CPU
	EndGlobalSection
	GlobalSection(SolutionProperties) = preSolution
		HideSolutionNode = FALSE
	EndGlobalSection
	GlobalSection(ExtensibilityGlobals) = postSolution
		SolutionGuid = {DB489BFD-766B-491C-8AFE-42FFE768E782}
	EndGlobalSection
EndGlobal
