
Microsoft Visual Studio Solution File, Format Version 12.00
# Visual Studio Version 17
VisualStudioVersion = 17.2.32519.379
MinimumVisualStudioVersion = 10.0.40219.1
Project("{FAE04EC0-301F-11D3-BF4B-00C04F79EFBC}") = "Func", "Func\Func.csproj", "{06AAEF7E-F95C-47A3-8859-7B5980C81C91}"
EndProject
Global
	GlobalSection(SolutionConfigurationPlatforms) = preSolution
		Debug|Any CPU = Debug|Any CPU
		Release|Any CPU = Release|Any CPU
	EndGlobalSection
	GlobalSection(ProjectConfigurationPlatforms) = postSolution
		{06AAEF7E-F95C-47A3-8859-7B5980C81C91}.Debug|Any CPU.ActiveCfg = Debug|Any CPU
		{06AAEF7E-F95C-47A3-8859-7B5980C81C91}.Debug|Any CPU.Build.0 = Debug|Any CPU
		{06AAEF7E-F95C-47A3-8859-7B5980C81C91}.Release|Any CPU.ActiveCfg = Release|Any CPU
		{06AAEF7E-F95C-47A3-8859-7B5980C81C91}.Release|Any CPU.Build.0 = Release|Any CPU
	EndGlobalSection
	GlobalSection(SolutionProperties) = preSolution
		HideSolutionNode = FALSE
	EndGlobalSection
	GlobalSection(ExtensibilityGlobals) = postSolution
		SolutionGuid = {A2839351-7A2B-4252-AD49-D62A8D620314}
	EndGlobalSection
EndGlobal
