
Microsoft Visual Studio Solution File, Format Version 12.00
# Visual Studio Version 17
VisualStudioVersion = 17.2.32516.85
MinimumVisualStudioVersion = 10.0.40219.1
Project("{FAE04EC0-301F-11D3-BF4B-00C04F79EFBC}") = "Interfaces", "Interfaces\Interfaces.csproj", "{B8BE2BB7-E1BA-4AC8-AC63-204CCFA78FCA}"
EndProject
Global
	GlobalSection(SolutionConfigurationPlatforms) = preSolution
		Debug|Any CPU = Debug|Any CPU
		Release|Any CPU = Release|Any CPU
	EndGlobalSection
	GlobalSection(ProjectConfigurationPlatforms) = postSolution
		{B8BE2BB7-E1BA-4AC8-AC63-204CCFA78FCA}.Debug|Any CPU.ActiveCfg = Debug|Any CPU
		{B8BE2BB7-E1BA-4AC8-AC63-204CCFA78FCA}.Debug|Any CPU.Build.0 = Debug|Any CPU
		{B8BE2BB7-E1BA-4AC8-AC63-204CCFA78FCA}.Release|Any CPU.ActiveCfg = Release|Any CPU
		{B8BE2BB7-E1BA-4AC8-AC63-204CCFA78FCA}.Release|Any CPU.Build.0 = Release|Any CPU
	EndGlobalSection
	GlobalSection(SolutionProperties) = preSolution
		HideSolutionNode = FALSE
	EndGlobalSection
	GlobalSection(ExtensibilityGlobals) = postSolution
		SolutionGuid = {C0EC03EF-0D97-47CF-B877-A5AFFB82FC9D}
	EndGlobalSection
EndGlobal
