
Microsoft Visual Studio Solution File, Format Version 12.00
# Visual Studio Version 17
VisualStudioVersion = 17.2.32519.379
MinimumVisualStudioVersion = 10.0.40219.1
Project("{FAE04EC0-301F-11D3-BF4B-00C04F79EFBC}") = "Events", "Events\Events.csproj", "{5AEBC2C0-B986-473C-B9F8-3E51FB26F478}"
EndProject
Global
	GlobalSection(SolutionConfigurationPlatforms) = preSolution
		Debug|Any CPU = Debug|Any CPU
		Release|Any CPU = Release|Any CPU
	EndGlobalSection
	GlobalSection(ProjectConfigurationPlatforms) = postSolution
		{5AEBC2C0-B986-473C-B9F8-3E51FB26F478}.Debug|Any CPU.ActiveCfg = Debug|Any CPU
		{5AEBC2C0-B986-473C-B9F8-3E51FB26F478}.Debug|Any CPU.Build.0 = Debug|Any CPU
		{5AEBC2C0-B986-473C-B9F8-3E51FB26F478}.Release|Any CPU.ActiveCfg = Release|Any CPU
		{5AEBC2C0-B986-473C-B9F8-3E51FB26F478}.Release|Any CPU.Build.0 = Release|Any CPU
	EndGlobalSection
	GlobalSection(SolutionProperties) = preSolution
		HideSolutionNode = FALSE
	EndGlobalSection
	GlobalSection(ExtensibilityGlobals) = postSolution
		SolutionGuid = {36C034F4-AD31-4572-B270-274C4F07CF2D}
	EndGlobalSection
EndGlobal
